// !$*UTF8*$!
{
	archiveVersion = 1;
	classes = {
	};
	objectVersion = 56;
	objects = {

/* Begin PBXBuildFile section */
		CD25749D2A3B5CD400DFA95C /* SwiftyJSON.xcframework in Frameworks */ = {isa = PBXBuildFile; fileRef = CD25749C2A3B5CD400DFA95C /* SwiftyJSON.xcframework */; };
		CD25749E2A3B5CD400DFA95C /* SwiftyJSON.xcframework in Embed Frameworks */ = {isa = PBXBuildFile; fileRef = CD25749C2A3B5CD400DFA95C /* SwiftyJSON.xcframework */; settings = {ATTRIBUTES = (CodeSignOnCopy, RemoveHeadersOnCopy, ); }; };
		CD41E31C2A0BD51400F95C88 /* ToolbarView.swift in Sources */ = {isa = PBXBuildFile; fileRef = CD41E31A2A0BD51400F95C88 /* ToolbarView.swift */; };
		CD41E31D2A0BD51400F95C88 /* ToolbarView.xib in Resources */ = {isa = PBXBuildFile; fileRef = CD41E31B2A0BD51400F95C88 /* ToolbarView.xib */; };
		CD41E3202A0BE23000F95C88 /* ExtColor.swift in Sources */ = {isa = PBXBuildFile; fileRef = CD41E31F2A0BE23000F95C88 /* ExtColor.swift */; };
		CD41E3232A0BE61400F95C88 /* FlowBackground.swift in Sources */ = {isa = PBXBuildFile; fileRef = CD41E3222A0BE61400F95C88 /* FlowBackground.swift */; };
		CD4826022A3F1348007541F2 /* Cache.swift in Sources */ = {isa = PBXBuildFile; fileRef = CD4826012A3F1348007541F2 /* Cache.swift */; };
		CD5B60D42A28B18B00D1DF92 /* NavigationBar.swift in Sources */ = {isa = PBXBuildFile; fileRef = CD5B60D22A28B18B00D1DF92 /* NavigationBar.swift */; };
		CD5B60D52A28B18B00D1DF92 /* NavigationBar.xib in Resources */ = {isa = PBXBuildFile; fileRef = CD5B60D32A28B18B00D1DF92 /* NavigationBar.xib */; };
		CD5B60EA2A28ED4A00D1DF92 /* Alamofire.xcframework in Frameworks */ = {isa = PBXBuildFile; fileRef = CD5B60E92A28ED4A00D1DF92 /* Alamofire.xcframework */; };
		CD5B60EB2A28ED4A00D1DF92 /* Alamofire.xcframework in Embed Frameworks */ = {isa = PBXBuildFile; fileRef = CD5B60E92A28ED4A00D1DF92 /* Alamofire.xcframework */; settings = {ATTRIBUTES = (CodeSignOnCopy, RemoveHeadersOnCopy, ); }; };
		CD743EF82A37891C00693FC5 /* AttackPokemonVC.swift in Sources */ = {isa = PBXBuildFile; fileRef = CD743EF62A37891C00693FC5 /* AttackPokemonVC.swift */; };
		CD743EF92A37891C00693FC5 /* AttackPokemonVC.xib in Resources */ = {isa = PBXBuildFile; fileRef = CD743EF72A37891C00693FC5 /* AttackPokemonVC.xib */; };
		CD743EFB2A37892F00693FC5 /* AttackPokemonInteractor.swift in Sources */ = {isa = PBXBuildFile; fileRef = CD743EFA2A37892F00693FC5 /* AttackPokemonInteractor.swift */; };
		CD743EFD2A37894000693FC5 /* AttackPokemonPresenter.swift in Sources */ = {isa = PBXBuildFile; fileRef = CD743EFC2A37894000693FC5 /* AttackPokemonPresenter.swift */; };
		CD743EFF2A37894D00693FC5 /* AttackPokemonEntity.swift in Sources */ = {isa = PBXBuildFile; fileRef = CD743EFE2A37894D00693FC5 /* AttackPokemonEntity.swift */; };
		CD743F012A37895D00693FC5 /* AttackPokemonRouter.swift in Sources */ = {isa = PBXBuildFile; fileRef = CD743F002A37895D00693FC5 /* AttackPokemonRouter.swift */; };
		CD743F032A37896900693FC5 /* AttackPokemonProtocol.swift in Sources */ = {isa = PBXBuildFile; fileRef = CD743F022A37896900693FC5 /* AttackPokemonProtocol.swift */; };
		CD79322F2A16D15A009E4FFE /* CatchPokemonVC.swift in Sources */ = {isa = PBXBuildFile; fileRef = CD79322D2A16D15A009E4FFE /* CatchPokemonVC.swift */; };
		CD7932302A16D15A009E4FFE /* CatchPokemonVC.xib in Resources */ = {isa = PBXBuildFile; fileRef = CD79322E2A16D15A009E4FFE /* CatchPokemonVC.xib */; };
		CD7932322A16D165009E4FFE /* CatchPokemonInteractor.swift in Sources */ = {isa = PBXBuildFile; fileRef = CD7932312A16D165009E4FFE /* CatchPokemonInteractor.swift */; };
		CD7932342A16D171009E4FFE /* CatchPokemonPresenter.swift in Sources */ = {isa = PBXBuildFile; fileRef = CD7932332A16D171009E4FFE /* CatchPokemonPresenter.swift */; };
		CD7932362A16D17E009E4FFE /* CatchPokemonEntity.swift in Sources */ = {isa = PBXBuildFile; fileRef = CD7932352A16D17E009E4FFE /* CatchPokemonEntity.swift */; };
		CD7932382A16D189009E4FFE /* CatchPokemonRouter.swift in Sources */ = {isa = PBXBuildFile; fileRef = CD7932372A16D189009E4FFE /* CatchPokemonRouter.swift */; };
		CD79323A2A16D193009E4FFE /* CatchPokemonProtocol.swift in Sources */ = {isa = PBXBuildFile; fileRef = CD7932392A16D193009E4FFE /* CatchPokemonProtocol.swift */; };
		CD82E3DC2A39FDB600EDE908 /* SwiftyGif.xcframework in Frameworks */ = {isa = PBXBuildFile; fileRef = CD82E3DB2A39FDB600EDE908 /* SwiftyGif.xcframework */; };
		CD82E3DD2A39FDB600EDE908 /* SwiftyGif.xcframework in Embed Frameworks */ = {isa = PBXBuildFile; fileRef = CD82E3DB2A39FDB600EDE908 /* SwiftyGif.xcframework */; settings = {ATTRIBUTES = (CodeSignOnCopy, RemoveHeadersOnCopy, ); }; };
		CD82E3DF2A39FF8800EDE908 /* swipeUp.gif in Resources */ = {isa = PBXBuildFile; fileRef = CD82E3DE2A39FF8800EDE908 /* swipeUp.gif */; };
		CD86417C2A32363F00781B10 /* Alert.swift in Sources */ = {isa = PBXBuildFile; fileRef = CD86417B2A32363F00781B10 /* Alert.swift */; };
		CD887E592A30F94A001F2D83 /* CatchPokemonTVC.swift in Sources */ = {isa = PBXBuildFile; fileRef = CD887E572A30F94A001F2D83 /* CatchPokemonTVC.swift */; };
		CD887E5A2A30F94A001F2D83 /* CatchPokemonTVC.xib in Resources */ = {isa = PBXBuildFile; fileRef = CD887E582A30F94A001F2D83 /* CatchPokemonTVC.xib */; };
		CDAA8CA72A2F914D003B885B /* Kingfisher.xcframework in Frameworks */ = {isa = PBXBuildFile; fileRef = CDAA8CA62A2F914D003B885B /* Kingfisher.xcframework */; };
		CDAA8CA82A2F914D003B885B /* Kingfisher.xcframework in Embed Frameworks */ = {isa = PBXBuildFile; fileRef = CDAA8CA62A2F914D003B885B /* Kingfisher.xcframework */; settings = {ATTRIBUTES = (CodeSignOnCopy, RemoveHeadersOnCopy, ); }; };
		CDD0F8932A07436A00479EBF /* AppDelegate.swift in Sources */ = {isa = PBXBuildFile; fileRef = CDD0F8922A07436A00479EBF /* AppDelegate.swift */; };
		CDD0F8952A07436A00479EBF /* SceneDelegate.swift in Sources */ = {isa = PBXBuildFile; fileRef = CDD0F8942A07436A00479EBF /* SceneDelegate.swift */; };
		CDD0F8972A07436A00479EBF /* ViewController.swift in Sources */ = {isa = PBXBuildFile; fileRef = CDD0F8962A07436A00479EBF /* ViewController.swift */; };
		CDD0F89A2A07436A00479EBF /* Main.storyboard in Resources */ = {isa = PBXBuildFile; fileRef = CDD0F8982A07436A00479EBF /* Main.storyboard */; };
		CDD0F89C2A07436B00479EBF /* Assets.xcassets in Resources */ = {isa = PBXBuildFile; fileRef = CDD0F89B2A07436B00479EBF /* Assets.xcassets */; };
		CDD0F89F2A07436B00479EBF /* LaunchScreen.storyboard in Resources */ = {isa = PBXBuildFile; fileRef = CDD0F89D2A07436B00479EBF /* LaunchScreen.storyboard */; };
		CDD0F8AA2A07436B00479EBF /* PokemonAppTests.swift in Sources */ = {isa = PBXBuildFile; fileRef = CDD0F8A92A07436B00479EBF /* PokemonAppTests.swift */; };
		CDD0F8B42A07436B00479EBF /* PokemonAppUITests.swift in Sources */ = {isa = PBXBuildFile; fileRef = CDD0F8B32A07436B00479EBF /* PokemonAppUITests.swift */; };
		CDD0F8B62A07436B00479EBF /* PokemonAppUITestsLaunchTests.swift in Sources */ = {isa = PBXBuildFile; fileRef = CDD0F8B52A07436B00479EBF /* PokemonAppUITestsLaunchTests.swift */; };
		CDD0F8C72A07711700479EBF /* PokemonMenuVC.swift in Sources */ = {isa = PBXBuildFile; fileRef = CDD0F8C52A07711700479EBF /* PokemonMenuVC.swift */; };
		CDD0F8C82A07711700479EBF /* PokemonMenuVC.xib in Resources */ = {isa = PBXBuildFile; fileRef = CDD0F8C62A07711700479EBF /* PokemonMenuVC.xib */; };
		CDD0F8CA2A07712B00479EBF /* PokemonMenuInteractor.swift in Sources */ = {isa = PBXBuildFile; fileRef = CDD0F8C92A07712B00479EBF /* PokemonMenuInteractor.swift */; };
		CDD0F8CC2A07713700479EBF /* PokemonMenuPresenter.swift in Sources */ = {isa = PBXBuildFile; fileRef = CDD0F8CB2A07713700479EBF /* PokemonMenuPresenter.swift */; };
		CDD0F8CE2A07714000479EBF /* PokemonMenuEntity.swift in Sources */ = {isa = PBXBuildFile; fileRef = CDD0F8CD2A07714000479EBF /* PokemonMenuEntity.swift */; };
		CDD0F8D02A07714A00479EBF /* PokemonMenuRouter.swift in Sources */ = {isa = PBXBuildFile; fileRef = CDD0F8CF2A07714A00479EBF /* PokemonMenuRouter.swift */; };
		CDD0F8D22A07715800479EBF /* PokemonMenuProtocol.swift in Sources */ = {isa = PBXBuildFile; fileRef = CDD0F8D12A07715800479EBF /* PokemonMenuProtocol.swift */; };
/* End PBXBuildFile section */

/* Begin PBXContainerItemProxy section */
		CDD0F8A62A07436B00479EBF /* PBXContainerItemProxy */ = {
			isa = PBXContainerItemProxy;
			containerPortal = CDD0F8872A07436A00479EBF /* Project object */;
			proxyType = 1;
			remoteGlobalIDString = CDD0F88E2A07436A00479EBF;
			remoteInfo = PokemonApp;
		};
		CDD0F8B02A07436B00479EBF /* PBXContainerItemProxy */ = {
			isa = PBXContainerItemProxy;
			containerPortal = CDD0F8872A07436A00479EBF /* Project object */;
			proxyType = 1;
			remoteGlobalIDString = CDD0F88E2A07436A00479EBF;
			remoteInfo = PokemonApp;
		};
/* End PBXContainerItemProxy section */

/* Begin PBXCopyFilesBuildPhase section */
		CD5B60EC2A28ED4A00D1DF92 /* Embed Frameworks */ = {
			isa = PBXCopyFilesBuildPhase;
			buildActionMask = 2147483647;
			dstPath = "";
			dstSubfolderSpec = 10;
			files = (
				CD82E3DD2A39FDB600EDE908 /* SwiftyGif.xcframework in Embed Frameworks */,
				CD25749E2A3B5CD400DFA95C /* SwiftyJSON.xcframework in Embed Frameworks */,
				CDAA8CA82A2F914D003B885B /* Kingfisher.xcframework in Embed Frameworks */,
				CD5B60EB2A28ED4A00D1DF92 /* Alamofire.xcframework in Embed Frameworks */,
			);
			name = "Embed Frameworks";
			runOnlyForDeploymentPostprocessing = 0;
		};
/* End PBXCopyFilesBuildPhase section */

/* Begin PBXFileReference section */
		CD25749C2A3B5CD400DFA95C /* SwiftyJSON.xcframework */ = {isa = PBXFileReference; lastKnownFileType = wrapper.xcframework; name = SwiftyJSON.xcframework; path = PokemonApp/Carthage/Build/SwiftyJSON.xcframework; sourceTree = "<group>"; };
		CD41E31A2A0BD51400F95C88 /* ToolbarView.swift */ = {isa = PBXFileReference; lastKnownFileType = sourcecode.swift; path = ToolbarView.swift; sourceTree = "<group>"; };
		CD41E31B2A0BD51400F95C88 /* ToolbarView.xib */ = {isa = PBXFileReference; lastKnownFileType = file.xib; path = ToolbarView.xib; sourceTree = "<group>"; };
		CD41E31F2A0BE23000F95C88 /* ExtColor.swift */ = {isa = PBXFileReference; lastKnownFileType = sourcecode.swift; path = ExtColor.swift; sourceTree = "<group>"; };
		CD41E3222A0BE61400F95C88 /* FlowBackground.swift */ = {isa = PBXFileReference; lastKnownFileType = sourcecode.swift; path = FlowBackground.swift; sourceTree = "<group>"; };
		CD4826012A3F1348007541F2 /* Cache.swift */ = {isa = PBXFileReference; lastKnownFileType = sourcecode.swift; path = Cache.swift; sourceTree = "<group>"; };
		CD5B60D22A28B18B00D1DF92 /* NavigationBar.swift */ = {isa = PBXFileReference; lastKnownFileType = sourcecode.swift; path = NavigationBar.swift; sourceTree = "<group>"; };
		CD5B60D32A28B18B00D1DF92 /* NavigationBar.xib */ = {isa = PBXFileReference; lastKnownFileType = file.xib; path = NavigationBar.xib; sourceTree = "<group>"; };
		CD5B60E92A28ED4A00D1DF92 /* Alamofire.xcframework */ = {isa = PBXFileReference; lastKnownFileType = wrapper.xcframework; name = Alamofire.xcframework; path = PokemonApp/Carthage/Build/Alamofire.xcframework; sourceTree = "<group>"; };
		CD743EF62A37891C00693FC5 /* AttackPokemonVC.swift */ = {isa = PBXFileReference; lastKnownFileType = sourcecode.swift; path = AttackPokemonVC.swift; sourceTree = "<group>"; };
		CD743EF72A37891C00693FC5 /* AttackPokemonVC.xib */ = {isa = PBXFileReference; lastKnownFileType = file.xib; path = AttackPokemonVC.xib; sourceTree = "<group>"; };
		CD743EFA2A37892F00693FC5 /* AttackPokemonInteractor.swift */ = {isa = PBXFileReference; lastKnownFileType = sourcecode.swift; path = AttackPokemonInteractor.swift; sourceTree = "<group>"; };
		CD743EFC2A37894000693FC5 /* AttackPokemonPresenter.swift */ = {isa = PBXFileReference; lastKnownFileType = sourcecode.swift; path = AttackPokemonPresenter.swift; sourceTree = "<group>"; };
		CD743EFE2A37894D00693FC5 /* AttackPokemonEntity.swift */ = {isa = PBXFileReference; lastKnownFileType = sourcecode.swift; path = AttackPokemonEntity.swift; sourceTree = "<group>"; };
		CD743F002A37895D00693FC5 /* AttackPokemonRouter.swift */ = {isa = PBXFileReference; lastKnownFileType = sourcecode.swift; path = AttackPokemonRouter.swift; sourceTree = "<group>"; };
		CD743F022A37896900693FC5 /* AttackPokemonProtocol.swift */ = {isa = PBXFileReference; lastKnownFileType = sourcecode.swift; path = AttackPokemonProtocol.swift; sourceTree = "<group>"; };
		CD79322D2A16D15A009E4FFE /* CatchPokemonVC.swift */ = {isa = PBXFileReference; lastKnownFileType = sourcecode.swift; path = CatchPokemonVC.swift; sourceTree = "<group>"; };
		CD79322E2A16D15A009E4FFE /* CatchPokemonVC.xib */ = {isa = PBXFileReference; lastKnownFileType = file.xib; path = CatchPokemonVC.xib; sourceTree = "<group>"; };
		CD7932312A16D165009E4FFE /* CatchPokemonInteractor.swift */ = {isa = PBXFileReference; lastKnownFileType = sourcecode.swift; path = CatchPokemonInteractor.swift; sourceTree = "<group>"; };
		CD7932332A16D171009E4FFE /* CatchPokemonPresenter.swift */ = {isa = PBXFileReference; lastKnownFileType = sourcecode.swift; path = CatchPokemonPresenter.swift; sourceTree = "<group>"; };
		CD7932352A16D17E009E4FFE /* CatchPokemonEntity.swift */ = {isa = PBXFileReference; lastKnownFileType = sourcecode.swift; path = CatchPokemonEntity.swift; sourceTree = "<group>"; };
		CD7932372A16D189009E4FFE /* CatchPokemonRouter.swift */ = {isa = PBXFileReference; lastKnownFileType = sourcecode.swift; path = CatchPokemonRouter.swift; sourceTree = "<group>"; };
		CD7932392A16D193009E4FFE /* CatchPokemonProtocol.swift */ = {isa = PBXFileReference; lastKnownFileType = sourcecode.swift; path = CatchPokemonProtocol.swift; sourceTree = "<group>"; };
		CD82E3DB2A39FDB600EDE908 /* SwiftyGif.xcframework */ = {isa = PBXFileReference; lastKnownFileType = wrapper.xcframework; name = SwiftyGif.xcframework; path = PokemonApp/Carthage/Build/SwiftyGif.xcframework; sourceTree = "<group>"; };
		CD82E3DE2A39FF8800EDE908 /* swipeUp.gif */ = {isa = PBXFileReference; lastKnownFileType = image.gif; path = swipeUp.gif; sourceTree = "<group>"; };
		CD86417B2A32363F00781B10 /* Alert.swift */ = {isa = PBXFileReference; lastKnownFileType = sourcecode.swift; path = Alert.swift; sourceTree = "<group>"; };
		CD887E572A30F94A001F2D83 /* CatchPokemonTVC.swift */ = {isa = PBXFileReference; lastKnownFileType = sourcecode.swift; path = CatchPokemonTVC.swift; sourceTree = "<group>"; };
		CD887E582A30F94A001F2D83 /* CatchPokemonTVC.xib */ = {isa = PBXFileReference; lastKnownFileType = file.xib; path = CatchPokemonTVC.xib; sourceTree = "<group>"; };
		CDAA8CA62A2F914D003B885B /* Kingfisher.xcframework */ = {isa = PBXFileReference; lastKnownFileType = wrapper.xcframework; name = Kingfisher.xcframework; path = PokemonApp/Carthage/Build/Kingfisher.xcframework; sourceTree = "<group>"; };
		CDD0F88F2A07436A00479EBF /* PokemonApp.app */ = {isa = PBXFileReference; explicitFileType = wrapper.application; includeInIndex = 0; path = PokemonApp.app; sourceTree = BUILT_PRODUCTS_DIR; };
		CDD0F8922A07436A00479EBF /* AppDelegate.swift */ = {isa = PBXFileReference; lastKnownFileType = sourcecode.swift; path = AppDelegate.swift; sourceTree = "<group>"; };
		CDD0F8942A07436A00479EBF /* SceneDelegate.swift */ = {isa = PBXFileReference; lastKnownFileType = sourcecode.swift; path = SceneDelegate.swift; sourceTree = "<group>"; };
		CDD0F8962A07436A00479EBF /* ViewController.swift */ = {isa = PBXFileReference; lastKnownFileType = sourcecode.swift; path = ViewController.swift; sourceTree = "<group>"; };
		CDD0F8992A07436A00479EBF /* Base */ = {isa = PBXFileReference; lastKnownFileType = file.storyboard; name = Base; path = Base.lproj/Main.storyboard; sourceTree = "<group>"; };
		CDD0F89B2A07436B00479EBF /* Assets.xcassets */ = {isa = PBXFileReference; lastKnownFileType = folder.assetcatalog; path = Assets.xcassets; sourceTree = "<group>"; };
		CDD0F89E2A07436B00479EBF /* Base */ = {isa = PBXFileReference; lastKnownFileType = file.storyboard; name = Base; path = Base.lproj/LaunchScreen.storyboard; sourceTree = "<group>"; };
		CDD0F8A02A07436B00479EBF /* Info.plist */ = {isa = PBXFileReference; lastKnownFileType = text.plist.xml; path = Info.plist; sourceTree = "<group>"; };
		CDD0F8A52A07436B00479EBF /* PokemonAppTests.xctest */ = {isa = PBXFileReference; explicitFileType = wrapper.cfbundle; includeInIndex = 0; path = PokemonAppTests.xctest; sourceTree = BUILT_PRODUCTS_DIR; };
		CDD0F8A92A07436B00479EBF /* PokemonAppTests.swift */ = {isa = PBXFileReference; lastKnownFileType = sourcecode.swift; path = PokemonAppTests.swift; sourceTree = "<group>"; };
		CDD0F8AF2A07436B00479EBF /* PokemonAppUITests.xctest */ = {isa = PBXFileReference; explicitFileType = wrapper.cfbundle; includeInIndex = 0; path = PokemonAppUITests.xctest; sourceTree = BUILT_PRODUCTS_DIR; };
		CDD0F8B32A07436B00479EBF /* PokemonAppUITests.swift */ = {isa = PBXFileReference; lastKnownFileType = sourcecode.swift; path = PokemonAppUITests.swift; sourceTree = "<group>"; };
		CDD0F8B52A07436B00479EBF /* PokemonAppUITestsLaunchTests.swift */ = {isa = PBXFileReference; lastKnownFileType = sourcecode.swift; path = PokemonAppUITestsLaunchTests.swift; sourceTree = "<group>"; };
		CDD0F8C52A07711700479EBF /* PokemonMenuVC.swift */ = {isa = PBXFileReference; lastKnownFileType = sourcecode.swift; path = PokemonMenuVC.swift; sourceTree = "<group>"; };
		CDD0F8C62A07711700479EBF /* PokemonMenuVC.xib */ = {isa = PBXFileReference; lastKnownFileType = file.xib; path = PokemonMenuVC.xib; sourceTree = "<group>"; };
		CDD0F8C92A07712B00479EBF /* PokemonMenuInteractor.swift */ = {isa = PBXFileReference; lastKnownFileType = sourcecode.swift; path = PokemonMenuInteractor.swift; sourceTree = "<group>"; };
		CDD0F8CB2A07713700479EBF /* PokemonMenuPresenter.swift */ = {isa = PBXFileReference; lastKnownFileType = sourcecode.swift; path = PokemonMenuPresenter.swift; sourceTree = "<group>"; };
		CDD0F8CD2A07714000479EBF /* PokemonMenuEntity.swift */ = {isa = PBXFileReference; lastKnownFileType = sourcecode.swift; path = PokemonMenuEntity.swift; sourceTree = "<group>"; };
		CDD0F8CF2A07714A00479EBF /* PokemonMenuRouter.swift */ = {isa = PBXFileReference; lastKnownFileType = sourcecode.swift; path = PokemonMenuRouter.swift; sourceTree = "<group>"; };
		CDD0F8D12A07715800479EBF /* PokemonMenuProtocol.swift */ = {isa = PBXFileReference; lastKnownFileType = sourcecode.swift; path = PokemonMenuProtocol.swift; sourceTree = "<group>"; };
/* End PBXFileReference section */

/* Begin PBXFrameworksBuildPhase section */
		CDD0F88C2A07436A00479EBF /* Frameworks */ = {
			isa = PBXFrameworksBuildPhase;
			buildActionMask = 2147483647;
			files = (
				CD82E3DC2A39FDB600EDE908 /* SwiftyGif.xcframework in Frameworks */,
				CD25749D2A3B5CD400DFA95C /* SwiftyJSON.xcframework in Frameworks */,
				CDAA8CA72A2F914D003B885B /* Kingfisher.xcframework in Frameworks */,
				CD5B60EA2A28ED4A00D1DF92 /* Alamofire.xcframework in Frameworks */,
			);
			runOnlyForDeploymentPostprocessing = 0;
		};
		CDD0F8A22A07436B00479EBF /* Frameworks */ = {
			isa = PBXFrameworksBuildPhase;
			buildActionMask = 2147483647;
			files = (
			);
			runOnlyForDeploymentPostprocessing = 0;
		};
		CDD0F8AC2A07436B00479EBF /* Frameworks */ = {
			isa = PBXFrameworksBuildPhase;
			buildActionMask = 2147483647;
			files = (
			);
			runOnlyForDeploymentPostprocessing = 0;
		};
/* End PBXFrameworksBuildPhase section */

/* Begin PBXGroup section */
		CD41E31E2A0BE22600F95C88 /* Color */ = {
			isa = PBXGroup;
			children = (
				CD41E31F2A0BE23000F95C88 /* ExtColor.swift */,
			);
			path = Color;
			sourceTree = "<group>";
		};
		CD41E3212A0BE5FF00F95C88 /* FlowBackground */ = {
			isa = PBXGroup;
			children = (
				CD41E3222A0BE61400F95C88 /* FlowBackground.swift */,
			);
			path = FlowBackground;
			sourceTree = "<group>";
		};
		CD5B60D12A28B17100D1DF92 /* NavigationBar */ = {
			isa = PBXGroup;
			children = (
				CD5B60D22A28B18B00D1DF92 /* NavigationBar.swift */,
				CD5B60D32A28B18B00D1DF92 /* NavigationBar.xib */,
			);
			path = NavigationBar;
			sourceTree = "<group>";
		};
		CD5B60DB2A28EA5E00D1DF92 /* Frameworks */ = {
			isa = PBXGroup;
			children = (
				CD25749C2A3B5CD400DFA95C /* SwiftyJSON.xcframework */,
				CD82E3DB2A39FDB600EDE908 /* SwiftyGif.xcframework */,
				CDAA8CA62A2F914D003B885B /* Kingfisher.xcframework */,
				CD5B60E92A28ED4A00D1DF92 /* Alamofire.xcframework */,
			);
			name = Frameworks;
			sourceTree = "<group>";
		};
		CD743EF12A374FA400693FC5 /* New Group */ = {
			isa = PBXGroup;
			children = (
				CD743EF22A374FAC00693FC5 /* Cache */,
			);
			path = "New Group";
			sourceTree = "<group>";
		};
		CD743EF22A374FAC00693FC5 /* Cache */ = {
			isa = PBXGroup;
			children = (
				CD4826012A3F1348007541F2 /* Cache.swift */,
			);
			path = Cache;
			sourceTree = "<group>";
		};
		CD743EF52A3788F900693FC5 /* AttackPokemon */ = {
			isa = PBXGroup;
			children = (
				CD743EF62A37891C00693FC5 /* AttackPokemonVC.swift */,
				CD743EF72A37891C00693FC5 /* AttackPokemonVC.xib */,
				CD743EFA2A37892F00693FC5 /* AttackPokemonInteractor.swift */,
				CD743EFC2A37894000693FC5 /* AttackPokemonPresenter.swift */,
				CD743EFE2A37894D00693FC5 /* AttackPokemonEntity.swift */,
				CD743F002A37895D00693FC5 /* AttackPokemonRouter.swift */,
				CD743F022A37896900693FC5 /* AttackPokemonProtocol.swift */,
			);
			path = AttackPokemon;
			sourceTree = "<group>";
		};
		CD79322C2A16D142009E4FFE /* CatchPokemon */ = {
			isa = PBXGroup;
			children = (
				CD887E562A30F92D001F2D83 /* Cell */,
				CD79322D2A16D15A009E4FFE /* CatchPokemonVC.swift */,
				CD79322E2A16D15A009E4FFE /* CatchPokemonVC.xib */,
				CD7932312A16D165009E4FFE /* CatchPokemonInteractor.swift */,
				CD7932332A16D171009E4FFE /* CatchPokemonPresenter.swift */,
				CD7932352A16D17E009E4FFE /* CatchPokemonEntity.swift */,
				CD7932372A16D189009E4FFE /* CatchPokemonRouter.swift */,
				CD7932392A16D193009E4FFE /* CatchPokemonProtocol.swift */,
			);
			path = CatchPokemon;
			sourceTree = "<group>";
		};
		CD82E3D82A39FBB800EDE908 /* GIF */ = {
			isa = PBXGroup;
			children = (
				CD82E3DE2A39FF8800EDE908 /* swipeUp.gif */,
			);
			path = GIF;
			sourceTree = "<group>";
		};
		CD86417A2A32363100781B10 /* Alert */ = {
			isa = PBXGroup;
			children = (
				CD86417B2A32363F00781B10 /* Alert.swift */,
			);
			path = Alert;
			sourceTree = "<group>";
		};
		CD887E562A30F92D001F2D83 /* Cell */ = {
			isa = PBXGroup;
			children = (
				CD887E572A30F94A001F2D83 /* CatchPokemonTVC.swift */,
				CD887E582A30F94A001F2D83 /* CatchPokemonTVC.xib */,
			);
			path = Cell;
			sourceTree = "<group>";
		};
		CDD0F8862A07436A00479EBF = {
			isa = PBXGroup;
			children = (
				CDD0F8912A07436A00479EBF /* PokemonApp */,
				CDD0F8A82A07436B00479EBF /* PokemonAppTests */,
				CDD0F8B22A07436B00479EBF /* PokemonAppUITests */,
				CDD0F8902A07436A00479EBF /* Products */,
				CD5B60DB2A28EA5E00D1DF92 /* Frameworks */,
			);
			sourceTree = "<group>";
		};
		CDD0F8902A07436A00479EBF /* Products */ = {
			isa = PBXGroup;
			children = (
				CDD0F88F2A07436A00479EBF /* PokemonApp.app */,
				CDD0F8A52A07436B00479EBF /* PokemonAppTests.xctest */,
				CDD0F8AF2A07436B00479EBF /* PokemonAppUITests.xctest */,
			);
			name = Products;
			sourceTree = "<group>";
		};
		CDD0F8912A07436A00479EBF /* PokemonApp */ = {
			isa = PBXGroup;
			children = (
				CDD0F8D32A077E7900479EBF /* Component */,
				CDD0F8C32A074B6D00479EBF /* Module */,
				CDD0F8C22A074ABE00479EBF /* SupportingFile */,
			);
			path = PokemonApp;
			sourceTree = "<group>";
		};
		CDD0F8A82A07436B00479EBF /* PokemonAppTests */ = {
			isa = PBXGroup;
			children = (
				CDD0F8A92A07436B00479EBF /* PokemonAppTests.swift */,
			);
			path = PokemonAppTests;
			sourceTree = "<group>";
		};
		CDD0F8B22A07436B00479EBF /* PokemonAppUITests */ = {
			isa = PBXGroup;
			children = (
				CDD0F8B32A07436B00479EBF /* PokemonAppUITests.swift */,
				CDD0F8B52A07436B00479EBF /* PokemonAppUITestsLaunchTests.swift */,
			);
			path = PokemonAppUITests;
			sourceTree = "<group>";
		};
		CDD0F8C22A074ABE00479EBF /* SupportingFile */ = {
			isa = PBXGroup;
			children = (
				CDD0F8922A07436A00479EBF /* AppDelegate.swift */,
				CDD0F8942A07436A00479EBF /* SceneDelegate.swift */,
				CDD0F8962A07436A00479EBF /* ViewController.swift */,
				CDD0F8982A07436A00479EBF /* Main.storyboard */,
				CDD0F89B2A07436B00479EBF /* Assets.xcassets */,
				CDD0F89D2A07436B00479EBF /* LaunchScreen.storyboard */,
				CDD0F8A02A07436B00479EBF /* Info.plist */,
			);
			path = SupportingFile;
			sourceTree = "<group>";
		};
		CDD0F8C32A074B6D00479EBF /* Module */ = {
			isa = PBXGroup;
			children = (
				CD743EF52A3788F900693FC5 /* AttackPokemon */,
				CD79322C2A16D142009E4FFE /* CatchPokemon */,
				CDD0F8C42A0770BA00479EBF /* PokemonMenu */,
			);
			path = Module;
			sourceTree = "<group>";
		};
		CDD0F8C42A0770BA00479EBF /* PokemonMenu */ = {
			isa = PBXGroup;
			children = (
				CDD0F8C52A07711700479EBF /* PokemonMenuVC.swift */,
				CDD0F8C62A07711700479EBF /* PokemonMenuVC.xib */,
				CDD0F8C92A07712B00479EBF /* PokemonMenuInteractor.swift */,
				CDD0F8CB2A07713700479EBF /* PokemonMenuPresenter.swift */,
				CDD0F8CD2A07714000479EBF /* PokemonMenuEntity.swift */,
				CDD0F8CF2A07714A00479EBF /* PokemonMenuRouter.swift */,
				CDD0F8D12A07715800479EBF /* PokemonMenuProtocol.swift */,
			);
			path = PokemonMenu;
			sourceTree = "<group>";
		};
		CDD0F8D32A077E7900479EBF /* Component */ = {
			isa = PBXGroup;
			children = (
				CD82E3D82A39FBB800EDE908 /* GIF */,
				CD743EF12A374FA400693FC5 /* New Group */,
				CD86417A2A32363100781B10 /* Alert */,
				CD5B60D12A28B17100D1DF92 /* NavigationBar */,
				CD41E3212A0BE5FF00F95C88 /* FlowBackground */,
				CD41E31E2A0BE22600F95C88 /* Color */,
				CDD0F8D42A077E8700479EBF /* Toolbar */,
			);
			path = Component;
			sourceTree = "<group>";
		};
		CDD0F8D42A077E8700479EBF /* Toolbar */ = {
			isa = PBXGroup;
			children = (
				CD41E31A2A0BD51400F95C88 /* ToolbarView.swift */,
				CD41E31B2A0BD51400F95C88 /* ToolbarView.xib */,
			);
			path = Toolbar;
			sourceTree = "<group>";
		};
/* End PBXGroup section */

/* Begin PBXNativeTarget section */
		CDD0F88E2A07436A00479EBF /* PokemonApp */ = {
			isa = PBXNativeTarget;
			buildConfigurationList = CDD0F8B92A07436B00479EBF /* Build configuration list for PBXNativeTarget "PokemonApp" */;
			buildPhases = (
				CDD0F88B2A07436A00479EBF /* Sources */,
				CDD0F88C2A07436A00479EBF /* Frameworks */,
				CDD0F88D2A07436A00479EBF /* Resources */,
				CD5B60EC2A28ED4A00D1DF92 /* Embed Frameworks */,
			);
			buildRules = (
			);
			dependencies = (
			);
			name = PokemonApp;
			productName = PokemonApp;
			productReference = CDD0F88F2A07436A00479EBF /* PokemonApp.app */;
			productType = "com.apple.product-type.application";
		};
		CDD0F8A42A07436B00479EBF /* PokemonAppTests */ = {
			isa = PBXNativeTarget;
			buildConfigurationList = CDD0F8BC2A07436B00479EBF /* Build configuration list for PBXNativeTarget "PokemonAppTests" */;
			buildPhases = (
				CDD0F8A12A07436B00479EBF /* Sources */,
				CDD0F8A22A07436B00479EBF /* Frameworks */,
				CDD0F8A32A07436B00479EBF /* Resources */,
			);
			buildRules = (
			);
			dependencies = (
				CDD0F8A72A07436B00479EBF /* PBXTargetDependency */,
			);
			name = PokemonAppTests;
			productName = PokemonAppTests;
			productReference = CDD0F8A52A07436B00479EBF /* PokemonAppTests.xctest */;
			productType = "com.apple.product-type.bundle.unit-test";
		};
		CDD0F8AE2A07436B00479EBF /* PokemonAppUITests */ = {
			isa = PBXNativeTarget;
			buildConfigurationList = CDD0F8BF2A07436B00479EBF /* Build configuration list for PBXNativeTarget "PokemonAppUITests" */;
			buildPhases = (
				CDD0F8AB2A07436B00479EBF /* Sources */,
				CDD0F8AC2A07436B00479EBF /* Frameworks */,
				CDD0F8AD2A07436B00479EBF /* Resources */,
			);
			buildRules = (
			);
			dependencies = (
				CDD0F8B12A07436B00479EBF /* PBXTargetDependency */,
			);
			name = PokemonAppUITests;
			productName = PokemonAppUITests;
			productReference = CDD0F8AF2A07436B00479EBF /* PokemonAppUITests.xctest */;
			productType = "com.apple.product-type.bundle.ui-testing";
		};
/* End PBXNativeTarget section */

/* Begin PBXProject section */
		CDD0F8872A07436A00479EBF /* Project object */ = {
			isa = PBXProject;
			attributes = {
				BuildIndependentTargetsInParallel = 1;
				LastSwiftUpdateCheck = 1430;
				LastUpgradeCheck = 1430;
				TargetAttributes = {
					CDD0F88E2A07436A00479EBF = {
						CreatedOnToolsVersion = 14.3;
					};
					CDD0F8A42A07436B00479EBF = {
						CreatedOnToolsVersion = 14.3;
						TestTargetID = CDD0F88E2A07436A00479EBF;
					};
					CDD0F8AE2A07436B00479EBF = {
						CreatedOnToolsVersion = 14.3;
						TestTargetID = CDD0F88E2A07436A00479EBF;
					};
				};
			};
			buildConfigurationList = CDD0F88A2A07436A00479EBF /* Build configuration list for PBXProject "PokemonApp" */;
			compatibilityVersion = "Xcode 14.0";
			developmentRegion = en;
			hasScannedForEncodings = 0;
			knownRegions = (
				en,
				Base,
			);
			mainGroup = CDD0F8862A07436A00479EBF;
			productRefGroup = CDD0F8902A07436A00479EBF /* Products */;
			projectDirPath = "";
			projectRoot = "";
			targets = (
				CDD0F88E2A07436A00479EBF /* PokemonApp */,
				CDD0F8A42A07436B00479EBF /* PokemonAppTests */,
				CDD0F8AE2A07436B00479EBF /* PokemonAppUITests */,
			);
		};
/* End PBXProject section */

/* Begin PBXResourcesBuildPhase section */
		CDD0F88D2A07436A00479EBF /* Resources */ = {
			isa = PBXResourcesBuildPhase;
			buildActionMask = 2147483647;
			files = (
				CD743EF92A37891C00693FC5 /* AttackPokemonVC.xib in Resources */,
				CD7932302A16D15A009E4FFE /* CatchPokemonVC.xib in Resources */,
				CD82E3DF2A39FF8800EDE908 /* swipeUp.gif in Resources */,
				CDD0F89F2A07436B00479EBF /* LaunchScreen.storyboard in Resources */,
				CDD0F8C82A07711700479EBF /* PokemonMenuVC.xib in Resources */,
				CDD0F89C2A07436B00479EBF /* Assets.xcassets in Resources */,
				CD41E31D2A0BD51400F95C88 /* ToolbarView.xib in Resources */,
				CDD0F89A2A07436A00479EBF /* Main.storyboard in Resources */,
				CD887E5A2A30F94A001F2D83 /* CatchPokemonTVC.xib in Resources */,
				CD5B60D52A28B18B00D1DF92 /* NavigationBar.xib in Resources */,
			);
			runOnlyForDeploymentPostprocessing = 0;
		};
		CDD0F8A32A07436B00479EBF /* Resources */ = {
			isa = PBXResourcesBuildPhase;
			buildActionMask = 2147483647;
			files = (
			);
			runOnlyForDeploymentPostprocessing = 0;
		};
		CDD0F8AD2A07436B00479EBF /* Resources */ = {
			isa = PBXResourcesBuildPhase;
			buildActionMask = 2147483647;
			files = (
			);
			runOnlyForDeploymentPostprocessing = 0;
		};
/* End PBXResourcesBuildPhase section */

/* Begin PBXSourcesBuildPhase section */
		CDD0F88B2A07436A00479EBF /* Sources */ = {
			isa = PBXSourcesBuildPhase;
			buildActionMask = 2147483647;
			files = (
				CD743EFF2A37894D00693FC5 /* AttackPokemonEntity.swift in Sources */,
				CDD0F8972A07436A00479EBF /* ViewController.swift in Sources */,
				CDD0F8D02A07714A00479EBF /* PokemonMenuRouter.swift in Sources */,
				CD41E31C2A0BD51400F95C88 /* ToolbarView.swift in Sources */,
				CD7932362A16D17E009E4FFE /* CatchPokemonEntity.swift in Sources */,
				CD743F032A37896900693FC5 /* AttackPokemonProtocol.swift in Sources */,
				CD743EFB2A37892F00693FC5 /* AttackPokemonInteractor.swift in Sources */,
				CD41E3232A0BE61400F95C88 /* FlowBackground.swift in Sources */,
				CDD0F8CC2A07713700479EBF /* PokemonMenuPresenter.swift in Sources */,
				CD79323A2A16D193009E4FFE /* CatchPokemonProtocol.swift in Sources */,
				CD86417C2A32363F00781B10 /* Alert.swift in Sources */,
				CDD0F8D22A07715800479EBF /* PokemonMenuProtocol.swift in Sources */,
				CD7932382A16D189009E4FFE /* CatchPokemonRouter.swift in Sources */,
				CD743EF82A37891C00693FC5 /* AttackPokemonVC.swift in Sources */,
				CDD0F8C72A07711700479EBF /* PokemonMenuVC.swift in Sources */,
				CDD0F8932A07436A00479EBF /* AppDelegate.swift in Sources */,
				CD7932322A16D165009E4FFE /* CatchPokemonInteractor.swift in Sources */,
				CD5B60D42A28B18B00D1DF92 /* NavigationBar.swift in Sources */,
				CD743F012A37895D00693FC5 /* AttackPokemonRouter.swift in Sources */,
				CD743EFD2A37894000693FC5 /* AttackPokemonPresenter.swift in Sources */,
				CD7932342A16D171009E4FFE /* CatchPokemonPresenter.swift in Sources */,
				CDD0F8CA2A07712B00479EBF /* PokemonMenuInteractor.swift in Sources */,
				CD79322F2A16D15A009E4FFE /* CatchPokemonVC.swift in Sources */,
				CD887E592A30F94A001F2D83 /* CatchPokemonTVC.swift in Sources */,
				CDD0F8952A07436A00479EBF /* SceneDelegate.swift in Sources */,
				CD41E3202A0BE23000F95C88 /* ExtColor.swift in Sources */,
				CDD0F8CE2A07714000479EBF /* PokemonMenuEntity.swift in Sources */,
				CD4826022A3F1348007541F2 /* Cache.swift in Sources */,
			);
			runOnlyForDeploymentPostprocessing = 0;
		};
		CDD0F8A12A07436B00479EBF /* Sources */ = {
			isa = PBXSourcesBuildPhase;
			buildActionMask = 2147483647;
			files = (
				CDD0F8AA2A07436B00479EBF /* PokemonAppTests.swift in Sources */,
			);
			runOnlyForDeploymentPostprocessing = 0;
		};
		CDD0F8AB2A07436B00479EBF /* Sources */ = {
			isa = PBXSourcesBuildPhase;
			buildActionMask = 2147483647;
			files = (
				CDD0F8B62A07436B00479EBF /* PokemonAppUITestsLaunchTests.swift in Sources */,
				CDD0F8B42A07436B00479EBF /* PokemonAppUITests.swift in Sources */,
			);
			runOnlyForDeploymentPostprocessing = 0;
		};
/* End PBXSourcesBuildPhase section */

/* Begin PBXTargetDependency section */
		CDD0F8A72A07436B00479EBF /* PBXTargetDependency */ = {
			isa = PBXTargetDependency;
			target = CDD0F88E2A07436A00479EBF /* PokemonApp */;
			targetProxy = CDD0F8A62A07436B00479EBF /* PBXContainerItemProxy */;
		};
		CDD0F8B12A07436B00479EBF /* PBXTargetDependency */ = {
			isa = PBXTargetDependency;
			target = CDD0F88E2A07436A00479EBF /* PokemonApp */;
			targetProxy = CDD0F8B02A07436B00479EBF /* PBXContainerItemProxy */;
		};
/* End PBXTargetDependency section */

/* Begin PBXVariantGroup section */
		CDD0F8982A07436A00479EBF /* Main.storyboard */ = {
			isa = PBXVariantGroup;
			children = (
				CDD0F8992A07436A00479EBF /* Base */,
			);
			name = Main.storyboard;
			sourceTree = "<group>";
		};
		CDD0F89D2A07436B00479EBF /* LaunchScreen.storyboard */ = {
			isa = PBXVariantGroup;
			children = (
				CDD0F89E2A07436B00479EBF /* Base */,
			);
			name = LaunchScreen.storyboard;
			sourceTree = "<group>";
		};
/* End PBXVariantGroup section */

/* Begin XCBuildConfiguration section */
		CDD0F8B72A07436B00479EBF /* Debug */ = {
			isa = XCBuildConfiguration;
			buildSettings = {
				ALWAYS_SEARCH_USER_PATHS = NO;
				CLANG_ANALYZER_NONNULL = YES;
				CLANG_ANALYZER_NUMBER_OBJECT_CONVERSION = YES_AGGRESSIVE;
				CLANG_CXX_LANGUAGE_STANDARD = "gnu++20";
				CLANG_ENABLE_MODULES = YES;
				CLANG_ENABLE_OBJC_ARC = YES;
				CLANG_ENABLE_OBJC_WEAK = YES;
				CLANG_WARN_BLOCK_CAPTURE_AUTORELEASING = YES;
				CLANG_WARN_BOOL_CONVERSION = YES;
				CLANG_WARN_COMMA = YES;
				CLANG_WARN_CONSTANT_CONVERSION = YES;
				CLANG_WARN_DEPRECATED_OBJC_IMPLEMENTATIONS = YES;
				CLANG_WARN_DIRECT_OBJC_ISA_USAGE = YES_ERROR;
				CLANG_WARN_DOCUMENTATION_COMMENTS = YES;
				CLANG_WARN_EMPTY_BODY = YES;
				CLANG_WARN_ENUM_CONVERSION = YES;
				CLANG_WARN_INFINITE_RECURSION = YES;
				CLANG_WARN_INT_CONVERSION = YES;
				CLANG_WARN_NON_LITERAL_NULL_CONVERSION = YES;
				CLANG_WARN_OBJC_IMPLICIT_RETAIN_SELF = YES;
				CLANG_WARN_OBJC_LITERAL_CONVERSION = YES;
				CLANG_WARN_OBJC_ROOT_CLASS = YES_ERROR;
				CLANG_WARN_QUOTED_INCLUDE_IN_FRAMEWORK_HEADER = YES;
				CLANG_WARN_RANGE_LOOP_ANALYSIS = YES;
				CLANG_WARN_STRICT_PROTOTYPES = YES;
				CLANG_WARN_SUSPICIOUS_MOVE = YES;
				CLANG_WARN_UNGUARDED_AVAILABILITY = YES_AGGRESSIVE;
				CLANG_WARN_UNREACHABLE_CODE = YES;
				CLANG_WARN__DUPLICATE_METHOD_MATCH = YES;
				COPY_PHASE_STRIP = NO;
				DEBUG_INFORMATION_FORMAT = dwarf;
				ENABLE_STRICT_OBJC_MSGSEND = YES;
				ENABLE_TESTABILITY = YES;
				GCC_C_LANGUAGE_STANDARD = gnu11;
				GCC_DYNAMIC_NO_PIC = NO;
				GCC_NO_COMMON_BLOCKS = YES;
				GCC_OPTIMIZATION_LEVEL = 0;
				GCC_PREPROCESSOR_DEFINITIONS = (
					"DEBUG=1",
					"$(inherited)",
				);
				GCC_WARN_64_TO_32_BIT_CONVERSION = YES;
				GCC_WARN_ABOUT_RETURN_TYPE = YES_ERROR;
				GCC_WARN_UNDECLARED_SELECTOR = YES;
				GCC_WARN_UNINITIALIZED_AUTOS = YES_AGGRESSIVE;
				GCC_WARN_UNUSED_FUNCTION = YES;
				GCC_WARN_UNUSED_VARIABLE = YES;
				IPHONEOS_DEPLOYMENT_TARGET = 16.4;
				MTL_ENABLE_DEBUG_INFO = INCLUDE_SOURCE;
				MTL_FAST_MATH = YES;
				ONLY_ACTIVE_ARCH = YES;
				SDKROOT = iphoneos;
				SWIFT_ACTIVE_COMPILATION_CONDITIONS = DEBUG;
				SWIFT_OPTIMIZATION_LEVEL = "-Onone";
			};
			name = Debug;
		};
		CDD0F8B82A07436B00479EBF /* Release */ = {
			isa = XCBuildConfiguration;
			buildSettings = {
				ALWAYS_SEARCH_USER_PATHS = NO;
				CLANG_ANALYZER_NONNULL = YES;
				CLANG_ANALYZER_NUMBER_OBJECT_CONVERSION = YES_AGGRESSIVE;
				CLANG_CXX_LANGUAGE_STANDARD = "gnu++20";
				CLANG_ENABLE_MODULES = YES;
				CLANG_ENABLE_OBJC_ARC = YES;
				CLANG_ENABLE_OBJC_WEAK = YES;
				CLANG_WARN_BLOCK_CAPTURE_AUTORELEASING = YES;
				CLANG_WARN_BOOL_CONVERSION = YES;
				CLANG_WARN_COMMA = YES;
				CLANG_WARN_CONSTANT_CONVERSION = YES;
				CLANG_WARN_DEPRECATED_OBJC_IMPLEMENTATIONS = YES;
				CLANG_WARN_DIRECT_OBJC_ISA_USAGE = YES_ERROR;
				CLANG_WARN_DOCUMENTATION_COMMENTS = YES;
				CLANG_WARN_EMPTY_BODY = YES;
				CLANG_WARN_ENUM_CONVERSION = YES;
				CLANG_WARN_INFINITE_RECURSION = YES;
				CLANG_WARN_INT_CONVERSION = YES;
				CLANG_WARN_NON_LITERAL_NULL_CONVERSION = YES;
				CLANG_WARN_OBJC_IMPLICIT_RETAIN_SELF = YES;
				CLANG_WARN_OBJC_LITERAL_CONVERSION = YES;
				CLANG_WARN_OBJC_ROOT_CLASS = YES_ERROR;
				CLANG_WARN_QUOTED_INCLUDE_IN_FRAMEWORK_HEADER = YES;
				CLANG_WARN_RANGE_LOOP_ANALYSIS = YES;
				CLANG_WARN_STRICT_PROTOTYPES = YES;
				CLANG_WARN_SUSPICIOUS_MOVE = YES;
				CLANG_WARN_UNGUARDED_AVAILABILITY = YES_AGGRESSIVE;
				CLANG_WARN_UNREACHABLE_CODE = YES;
				CLANG_WARN__DUPLICATE_METHOD_MATCH = YES;
				COPY_PHASE_STRIP = NO;
				DEBUG_INFORMATION_FORMAT = "dwarf-with-dsym";
				ENABLE_NS_ASSERTIONS = NO;
				ENABLE_STRICT_OBJC_MSGSEND = YES;
				GCC_C_LANGUAGE_STANDARD = gnu11;
				GCC_NO_COMMON_BLOCKS = YES;
				GCC_WARN_64_TO_32_BIT_CONVERSION = YES;
				GCC_WARN_ABOUT_RETURN_TYPE = YES_ERROR;
				GCC_WARN_UNDECLARED_SELECTOR = YES;
				GCC_WARN_UNINITIALIZED_AUTOS = YES_AGGRESSIVE;
				GCC_WARN_UNUSED_FUNCTION = YES;
				GCC_WARN_UNUSED_VARIABLE = YES;
				IPHONEOS_DEPLOYMENT_TARGET = 16.4;
				MTL_ENABLE_DEBUG_INFO = NO;
				MTL_FAST_MATH = YES;
				SDKROOT = iphoneos;
				SWIFT_COMPILATION_MODE = wholemodule;
				SWIFT_OPTIMIZATION_LEVEL = "-O";
				VALIDATE_PRODUCT = YES;
			};
			name = Release;
		};
		CDD0F8BA2A07436B00479EBF /* Debug */ = {
			isa = XCBuildConfiguration;
			buildSettings = {
				ASSETCATALOG_COMPILER_APPICON_NAME = AppIcon;
				ASSETCATALOG_COMPILER_GLOBAL_ACCENT_COLOR_NAME = AccentColor;
				CODE_SIGN_STYLE = Automatic;
				CURRENT_PROJECT_VERSION = 1;
				DEVELOPMENT_TEAM = NPQ6B3HGC2;
				FRAMEWORK_SEARCH_PATHS = (
					"$(inherited)",
					"$(PROJECT_DIR)/PokemonApp/Carthage/Build/Alamofire.xcframework/ios-arm64",
					"$(PROJECT_DIR)/PokemonApp/Carthage/Build/Alamofire.xcframework/ios-arm64_x86_64-simulator",
					"$(PROJECT_DIR)/PokemonApp/Carthage/Build/SwiftyJSON.xcframework/ios-arm64_x86_64-simulator",
				);
				GENERATE_INFOPLIST_FILE = YES;
				INFOPLIST_FILE = PokemonApp/SupportingFile/Info.plist;
				INFOPLIST_KEY_UIApplicationSupportsIndirectInputEvents = YES;
				INFOPLIST_KEY_UILaunchStoryboardName = LaunchScreen;
				INFOPLIST_KEY_UIMainStoryboardFile = "";
				INFOPLIST_KEY_UISupportedInterfaceOrientations_iPad = "UIInterfaceOrientationPortrait UIInterfaceOrientationPortraitUpsideDown UIInterfaceOrientationLandscapeLeft UIInterfaceOrientationLandscapeRight";
				INFOPLIST_KEY_UISupportedInterfaceOrientations_iPhone = "UIInterfaceOrientationPortrait UIInterfaceOrientationLandscapeLeft UIInterfaceOrientationLandscapeRight";
				LD_RUNPATH_SEARCH_PATHS = (
					"$(inherited)",
					"@executable_path/Frameworks",
				);
				MARKETING_VERSION = 1.0;
				PRODUCT_BUNDLE_IDENTIFIER = com.prizegafg.PokemonApp;
				PRODUCT_NAME = "$(TARGET_NAME)";
				SWIFT_EMIT_LOC_STRINGS = YES;
				SWIFT_VERSION = 5.0;
				TARGETED_DEVICE_FAMILY = "1,2";
			};
			name = Debug;
		};
		CDD0F8BB2A07436B00479EBF /* Release */ = {
			isa = XCBuildConfiguration;
			buildSettings = {
				ASSETCATALOG_COMPILER_APPICON_NAME = AppIcon;
				ASSETCATALOG_COMPILER_GLOBAL_ACCENT_COLOR_NAME = AccentColor;
				CODE_SIGN_STYLE = Automatic;
				CURRENT_PROJECT_VERSION = 1;
				DEVELOPMENT_TEAM = NPQ6B3HGC2;
				FRAMEWORK_SEARCH_PATHS = (
					"$(inherited)",
					"$(PROJECT_DIR)/PokemonApp/Carthage/Build/Alamofire.xcframework/ios-arm64",
					"$(PROJECT_DIR)/PokemonApp/Carthage/Build/Alamofire.xcframework/ios-arm64_x86_64-simulator",
					"$(PROJECT_DIR)/PokemonApp/Carthage/Build/SwiftyJSON.xcframework/ios-arm64_x86_64-simulator",
				);
				GENERATE_INFOPLIST_FILE = YES;
				INFOPLIST_FILE = PokemonApp/SupportingFile/Info.plist;
				INFOPLIST_KEY_UIApplicationSupportsIndirectInputEvents = YES;
				INFOPLIST_KEY_UILaunchStoryboardName = LaunchScreen;
				INFOPLIST_KEY_UIMainStoryboardFile = "";
				INFOPLIST_KEY_UISupportedInterfaceOrientations_iPad = "UIInterfaceOrientationPortrait UIInterfaceOrientationPortraitUpsideDown UIInterfaceOrientationLandscapeLeft UIInterfaceOrientationLandscapeRight";
				INFOPLIST_KEY_UISupportedInterfaceOrientations_iPhone = "UIInterfaceOrientationPortrait UIInterfaceOrientationLandscapeLeft UIInterfaceOrientationLandscapeRight";
				LD_RUNPATH_SEARCH_PATHS = (
					"$(inherited)",
					"@executable_path/Frameworks",
				);
				MARKETING_VERSION = 1.0;
				PRODUCT_BUNDLE_IDENTIFIER = com.prizegafg.PokemonApp;
				PRODUCT_NAME = "$(TARGET_NAME)";
				SWIFT_EMIT_LOC_STRINGS = YES;
				SWIFT_VERSION = 5.0;
				TARGETED_DEVICE_FAMILY = "1,2";
			};
			name = Release;
		};
		CDD0F8BD2A07436B00479EBF /* Debug */ = {
			isa = XCBuildConfiguration;
			buildSettings = {
				ALWAYS_EMBED_SWIFT_STANDARD_LIBRARIES = YES;
				BUNDLE_LOADER = "$(TEST_HOST)";
				CODE_SIGN_STYLE = Automatic;
				CURRENT_PROJECT_VERSION = 1;
				DEVELOPMENT_TEAM = NPQ6B3HGC2;
				GENERATE_INFOPLIST_FILE = YES;
				IPHONEOS_DEPLOYMENT_TARGET = 16.4;
				MARKETING_VERSION = 1.0;
				PRODUCT_BUNDLE_IDENTIFIER = com.prizegafg.PokemonAppTests;
				PRODUCT_NAME = "$(TARGET_NAME)";
				SWIFT_EMIT_LOC_STRINGS = NO;
				SWIFT_VERSION = 5.0;
				TARGETED_DEVICE_FAMILY = "1,2";
				TEST_HOST = "$(BUILT_PRODUCTS_DIR)/PokemonApp.app/$(BUNDLE_EXECUTABLE_FOLDER_PATH)/PokemonApp";
			};
			name = Debug;
		};
		CDD0F8BE2A07436B00479EBF /* Release */ = {
			isa = XCBuildConfiguration;
			buildSettings = {
				ALWAYS_EMBED_SWIFT_STANDARD_LIBRARIES = YES;
				BUNDLE_LOADER = "$(TEST_HOST)";
				CODE_SIGN_STYLE = Automatic;
				CURRENT_PROJECT_VERSION = 1;
				DEVELOPMENT_TEAM = NPQ6B3HGC2;
				GENERATE_INFOPLIST_FILE = YES;
				IPHONEOS_DEPLOYMENT_TARGET = 16.4;
				MARKETING_VERSION = 1.0;
				PRODUCT_BUNDLE_IDENTIFIER = com.prizegafg.PokemonAppTests;
				PRODUCT_NAME = "$(TARGET_NAME)";
				SWIFT_EMIT_LOC_STRINGS = NO;
				SWIFT_VERSION = 5.0;
				TARGETED_DEVICE_FAMILY = "1,2";
				TEST_HOST = "$(BUILT_PRODUCTS_DIR)/PokemonApp.app/$(BUNDLE_EXECUTABLE_FOLDER_PATH)/PokemonApp";
			};
			name = Release;
		};
		CDD0F8C02A07436B00479EBF /* Debug */ = {
			isa = XCBuildConfiguration;
			buildSettings = {
				ALWAYS_EMBED_SWIFT_STANDARD_LIBRARIES = YES;
				CODE_SIGN_STYLE = Automatic;
				CURRENT_PROJECT_VERSION = 1;
				DEVELOPMENT_TEAM = NPQ6B3HGC2;
				GENERATE_INFOPLIST_FILE = YES;
				MARKETING_VERSION = 1.0;
				PRODUCT_BUNDLE_IDENTIFIER = com.prizegafg.PokemonAppUITests;
				PRODUCT_NAME = "$(TARGET_NAME)";
				SWIFT_EMIT_LOC_STRINGS = NO;
				SWIFT_VERSION = 5.0;
				TARGETED_DEVICE_FAMILY = "1,2";
				TEST_TARGET_NAME = PokemonApp;
			};
			name = Debug;
		};
		CDD0F8C12A07436B00479EBF /* Release */ = {
			isa = XCBuildConfiguration;
			buildSettings = {
				ALWAYS_EMBED_SWIFT_STANDARD_LIBRARIES = YES;
				CODE_SIGN_STYLE = Automatic;
				CURRENT_PROJECT_VERSION = 1;
				DEVELOPMENT_TEAM = NPQ6B3HGC2;
				GENERATE_INFOPLIST_FILE = YES;
				MARKETING_VERSION = 1.0;
				PRODUCT_BUNDLE_IDENTIFIER = com.prizegafg.PokemonAppUITests;
				PRODUCT_NAME = "$(TARGET_NAME)";
				SWIFT_EMIT_LOC_STRINGS = NO;
				SWIFT_VERSION = 5.0;
				TARGETED_DEVICE_FAMILY = "1,2";
				TEST_TARGET_NAME = PokemonApp;
			};
			name = Release;
		};
/* End XCBuildConfiguration section */

/* Begin XCConfigurationList section */
		CDD0F88A2A07436A00479EBF /* Build configuration list for PBXProject "PokemonApp" */ = {
			isa = XCConfigurationList;
			buildConfigurations = (
				CDD0F8B72A07436B00479EBF /* Debug */,
				CDD0F8B82A07436B00479EBF /* Release */,
			);
			defaultConfigurationIsVisible = 0;
			defaultConfigurationName = Release;
		};
		CDD0F8B92A07436B00479EBF /* Build configuration list for PBXNativeTarget "PokemonApp" */ = {
			isa = XCConfigurationList;
			buildConfigurations = (
				CDD0F8BA2A07436B00479EBF /* Debug */,
				CDD0F8BB2A07436B00479EBF /* Release */,
			);
			defaultConfigurationIsVisible = 0;
			defaultConfigurationName = Release;
		};
		CDD0F8BC2A07436B00479EBF /* Build configuration list for PBXNativeTarget "PokemonAppTests" */ = {
			isa = XCConfigurationList;
			buildConfigurations = (
				CDD0F8BD2A07436B00479EBF /* Debug */,
				CDD0F8BE2A07436B00479EBF /* Release */,
			);
			defaultConfigurationIsVisible = 0;
			defaultConfigurationName = Release;
		};
		CDD0F8BF2A07436B00479EBF /* Build configuration list for PBXNativeTarget "PokemonAppUITests" */ = {
			isa = XCConfigurationList;
			buildConfigurations = (
				CDD0F8C02A07436B00479EBF /* Debug */,
				CDD0F8C12A07436B00479EBF /* Release */,
			);
			defaultConfigurationIsVisible = 0;
			defaultConfigurationName = Release;
		};
/* End XCConfigurationList section */
	};
	rootObject = CDD0F8872A07436A00479EBF /* Project object */;
}
